{
  "name": "cypress-grep-example",
  "version": "1.0.0",
  "lockfileVersion": 2,
  "requires": true,
  "packages": {
    "": {
      "name": "cypress-grep-example",
      "version": "1.0.0",
      "license": "ISC",
      "dependencies": {
        "allure-commandline": "^2.32.2"
      },
      "engines": {
        "node": ">=18",
        "npm": ">=8"
      }
    },
    "node_modules/allure-commandline": {
      "version": "2.32.2",
      "resolved": "https://registry.npmjs.org/allure-commandline/-/allure-commandline-2.32.2.tgz",
      "integrity": "sha512-+O+a4laukvO/jqWLV/PenQo4an9igZgo+TuAX10D+Do4K03EPyCcmxCel/EXp8NUMb3ExErrrozyX/0o6I8qbA==",
      "license": "Apache-2.0",
      "bin": {
        "allure": "bin/allure"
      }
    }
  },
  "dependencies": {
    "allure-commandline": {
      "version": "2.32.2",
      "resolved": "https://registry.npmjs.org/allure-commandline/-/allure-commandline-2.32.2.tgz",
      "integrity": "sha512-+O+a4laukvO/jqWLV/PenQo4an9igZgo+TuAX10D+Do4K03EPyCcmxCel/EXp8NUMb3ExErrrozyX/0o6I8qbA=="
    }
  }
}
