{
  "name": "cypress-grep-example",
  "version": "1.0.0",
  "lockfileVersion": 2,
  "requires": true,
  "packages": {
    "": {
      "name": "cypress-grep-example",
      "version": "1.0.0",
      "license": "ISC",
      "dependencies": {
        "allure-commandline": "^2.29.0"
      },
      "engines": {
        "node": ">=18",
        "npm": ">=8"
      }
    },
    "node_modules/allure-commandline": {
      "version": "2.29.0",
      "resolved": "https://registry.npmjs.org/allure-commandline/-/allure-commandline-2.29.0.tgz",
      "integrity": "sha512-he/oWJflViIdEmuQ4er5k+xRd//PaVVElHHTx01h6W71KM9qKiLeF5MloV93UBYoJRzjD9fgbZedSMKemCEGkQ==",
      "bin": {
        "allure": "bin/allure"
      }
    }
  },
  "dependencies": {
    "allure-commandline": {
      "version": "2.29.0",
      "resolved": "https://registry.npmjs.org/allure-commandline/-/allure-commandline-2.29.0.tgz",
      "integrity": "sha512-he/oWJflViIdEmuQ4er5k+xRd//PaVVElHHTx01h6W71KM9qKiLeF5MloV93UBYoJRzjD9fgbZedSMKemCEGkQ=="
    }
  }
}
