{
  "name": "cypress-grep-example",
  "version": "1.0.0",
  "lockfileVersion": 2,
  "requires": true,
  "packages": {
    "": {
      "name": "cypress-grep-example",
      "version": "1.0.0",
      "license": "ISC",
      "dependencies": {
        "allure-commandline": "^2.30.0"
      },
      "engines": {
        "node": ">=18",
        "npm": ">=8"
      }
    },
    "node_modules/allure-commandline": {
      "version": "2.30.0",
      "resolved": "https://registry.npmjs.org/allure-commandline/-/allure-commandline-2.30.0.tgz",
      "integrity": "sha512-qSaGG/I8P38q8gufnxvEog+IrIeCick+PJxxoTp5Vh/L8kviymIfv3A7fvYWziOqZ/oDywyOuNFMEfPZiiKwAA==",
      "bin": {
        "allure": "bin/allure"
      }
    }
  },
  "dependencies": {
    "allure-commandline": {
      "version": "2.30.0",
      "resolved": "https://registry.npmjs.org/allure-commandline/-/allure-commandline-2.30.0.tgz",
      "integrity": "sha512-qSaGG/I8P38q8gufnxvEog+IrIeCick+PJxxoTp5Vh/L8kviymIfv3A7fvYWziOqZ/oDywyOuNFMEfPZiiKwAA=="
    }
  }
}
